
Microsoft Visual Studio Solution File, Format Version 12.00
# Visual Studio Version 17
VisualStudioVersion = 17.6.33829.357
MinimumVisualStudioVersion = 10.0.40219.1
Project("{9A19103F-16F7-4668-BE54-9A1E7A4F7556}") = "NotificationBackendService", "NotificationBackendService\NotificationBackendService.csproj", "{26FA8E2F-F7A3-4DD5-AC6A-1FDE10BCCC3A}"
EndProject
Global
	GlobalSection(SolutionConfigurationPlatforms) = preSolution
		Debug|Any CPU = Debug|Any CPU
		Release|Any CPU = Release|Any CPU
	EndGlobalSection
	GlobalSection(ProjectConfigurationPlatforms) = postSolution
		{26FA8E2F-F7A3-4DD5-AC6A-1FDE10BCCC3A}.Debug|Any CPU.ActiveCfg = Debug|Any CPU
		{26FA8E2F-F7A3-4DD5-AC6A-1FDE10BCCC3A}.Debug|Any CPU.Build.0 = Debug|Any CPU
		{26FA8E2F-F7A3-4DD5-AC6A-1FDE10BCCC3A}.Release|Any CPU.ActiveCfg = Release|Any CPU
		{26FA8E2F-F7A3-4DD5-AC6A-1FDE10BCCC3A}.Release|Any CPU.Build.0 = Release|Any CPU
	EndGlobalSection
	GlobalSection(SolutionProperties) = preSolution
		HideSolutionNode = FALSE
	EndGlobalSection
	GlobalSection(ExtensibilityGlobals) = postSolution
		SolutionGuid = {8B68939A-7A5A-419C-8B9A-56F50DEF3755}
	EndGlobalSection
EndGlobal
